
Microsoft Visual Studio Solution File, Format Version 12.00
# Visual Studio Version 17
VisualStudioVersion = 17.7.34221.43
MinimumVisualStudioVersion = 10.0.40219.1
Project("{888888A0-9F3D-457C-B088-3A5042F75D52}") = "KNearestNeighbors", "KNearestNeighbors.pyproj", "{84013A2F-0B65-4A7D-9FB7-C6960E519670}"
EndProject
Global
	GlobalSection(SolutionConfigurationPlatforms) = preSolution
		Debug|Any CPU = Debug|Any CPU
		Release|Any CPU = Release|Any CPU
	EndGlobalSection
	GlobalSection(ProjectConfigurationPlatforms) = postSolution
		{84013A2F-0B65-4A7D-9FB7-C6960E519670}.Debug|Any CPU.ActiveCfg = Debug|Any CPU
		{84013A2F-0B65-4A7D-9FB7-C6960E519670}.Release|Any CPU.ActiveCfg = Release|Any CPU
	EndGlobalSection
	GlobalSection(SolutionProperties) = preSolution
		HideSolutionNode = FALSE
	EndGlobalSection
	GlobalSection(ExtensibilityGlobals) = postSolution
		SolutionGuid = {272CE7B2-2DB5-4ED7-BDD4-712A8CF810AD}
	EndGlobalSection
EndGlobal
